
Microsoft Visual Studio Solution File, Format Version 12.00
# Visual Studio Version 17
VisualStudioVersion = 17.9.34607.119
MinimumVisualStudioVersion = 10.0.40219.1
Project("{2150E333-8FDC-42A3-9474-1A3956D46DE8}") = "Chapter01", "Chapter01", "{95941CB5-B738-4295-91A9-ABED0B951BB7}"
EndProject
Project("{FAE04EC0-301F-11D3-BF4B-00C04F79EFBC}") = "ProductSample", "Chapter01\ProductSample\ProductSample.csproj", "{7CB5C419-24B7-47EE-B8F6-993FEB4B2724}"
EndProject
Project("{FAE04EC0-301F-11D3-BF4B-00C04F79EFBC}") = "Sample_p38", "Chapter01\Sample_p38\Sample_p38.csproj", "{ED51E4D0-04D7-4DF6-AFF0-DB3107BCD27A}"
EndProject
Project("{2150E333-8FDC-42A3-9474-1A3956D46DE8}") = "Chapter02", "Chapter02", "{B442EC1F-B9F8-4D78-98F0-BAAFC2BFB465}"
EndProject
Project("{2150E333-8FDC-42A3-9474-1A3956D46DE8}") = "距離換算プログラム", "距離換算プログラム", "{DA1A546B-E3D1-4F21-8363-C01C63D3A75A}"
EndProject
Project("{FAE04EC0-301F-11D3-BF4B-00C04F79EFBC}") = "DistanceConverter", "Chapter02\DistanceConverter\DistanceConverter.csproj", "{C2861E52-A0A4-4A54-815D-DB10532E32EB}"
EndProject
Project("{2150E333-8FDC-42A3-9474-1A3956D46DE8}") = "売上集計プログラム", "売上集計プログラム", "{4CBEF20B-DF6E-483D-BB9E-FFBFB039C66A}"
EndProject
Project("{FAE04EC0-301F-11D3-BF4B-00C04F79EFBC}") = "SalesCounter", "Chapter02\SalesCounter\SalesCounter.csproj", "{D124D6DB-8812-4FA0-89B3-3A42CDA9E54D}"
EndProject
Project("{2150E333-8FDC-42A3-9474-1A3956D46DE8}") = "#演習問題", "#演習問題", "{BCFD910D-29A1-4CB2-9465-33918E93885C}"
EndProject
Project("{FAE04EC0-301F-11D3-BF4B-00C04F79EFBC}") = "Exercise1", "Chapter02\演習問題\Exercise1\Exercise1.csproj", "{F2CFCE65-77CA-4202-BD21-F1A421DF4BB7}"
EndProject
Project("{FAE04EC0-301F-11D3-BF4B-00C04F79EFBC}") = "Exercise2", "Chapter02\演習問題\Exercise2\Exercise2.csproj", "{AB79C229-84E2-4887-915F-FF326570AAB6}"
EndProject
Project("{2150E333-8FDC-42A3-9474-1A3956D46DE8}") = "FormApps", "FormApps", "{2B4A5A41-1CEB-4C57-95D1-FCC62EC85B81}"
EndProject
Project("{9A19103F-16F7-4668-BE54-9A1E7A4F7556}") = "BallApp", "FormApps\BallApp\BallApp.csproj", "{2EEAB101-31EF-4622-9018-08EF69140051}"
EndProject
Project("{2150E333-8FDC-42A3-9474-1A3956D46DE8}") = "Chapter03", "Chapter03", "{B65E89D2-46A8-4833-BF2D-55E1C415D790}"
EndProject
Project("{FAE04EC0-301F-11D3-BF4B-00C04F79EFBC}") = "Section01", "Chapter03\Section01\Section01.csproj", "{8E7028A2-A603-4F56-960E-2A31E04619BA}"
EndProject
Project("{2150E333-8FDC-42A3-9474-1A3956D46DE8}") = "演習問題", "演習問題", "{699AA9F6-AA1A-48EA-B6FF-2A43888F7EA4}"
EndProject
Project("{FAE04EC0-301F-11D3-BF4B-00C04F79EFBC}") = "Exercise01", "Chapter03\演習問題\Exercise01\Exercise01.csproj", "{88204CC6-7514-4F47-8F19-9C0FBA5D1474}"
EndProject
Project("{FAE04EC0-301F-11D3-BF4B-00C04F79EFBC}") = "Exercise02", "Chapter03\演習問題\Exercise02\Exercise02.csproj", "{C02CE7DF-14F4-4D4A-AA8E-269F973DFFF4}"
EndProject
Project("{2150E333-8FDC-42A3-9474-1A3956D46DE8}") = "Chapter04", "Chapter04", "{DAE3C164-41E6-4824-9575-6194E3E9B72A}"
EndProject
Project("{FAE04EC0-301F-11D3-BF4B-00C04F79EFBC}") = "Section01", "Chapter04\Section01\Section01.csproj", "{A39E84A2-3F92-4753-8DBE-F5DE03E88219}"
EndProject
Project("{2150E333-8FDC-42A3-9474-1A3956D46DE8}") = "演習問題", "演習問題", "{8D3E9FB6-8887-4FCC-8878-B4C30546E527}"
EndProject
Project("{FAE04EC0-301F-11D3-BF4B-00C04F79EFBC}") = "Exercise01", "Chapter04\演習問題\Exercise01\Exercise01.csproj", "{19C9DC3C-0B28-4D26-8068-BB97E8F880EE}"
EndProject
Project("{FAE04EC0-301F-11D3-BF4B-00C04F79EFBC}") = "Exercise02", "Chapter04\演習問題\Exercise02\Exercise02.csproj", "{2D895BBA-6479-4D02-ACA4-F265A3FE43EB}"
EndProject
Project("{2150E333-8FDC-42A3-9474-1A3956D46DE8}") = "Chapter05", "Chapter05", "{3C14CE8C-D4EC-4FF5-8800-1639C60DECDC}"
EndProject
Project("{2150E333-8FDC-42A3-9474-1A3956D46DE8}") = "演習問題", "演習問題", "{B4B130A4-865C-45E8-B123-71A8C7C9A620}"
EndProject
Project("{FAE04EC0-301F-11D3-BF4B-00C04F79EFBC}") = "Exercise01", "Chapter05\演習問題\Exercise01\Exercise01.csproj", "{C8990963-70C6-40D5-B5BD-393F7D66F1FF}"
EndProject
Project("{FAE04EC0-301F-11D3-BF4B-00C04F79EFBC}") = "Exercise02", "Chapter05\演習問題\Exercise02\Exercise02.csproj", "{07C6500B-31FD-4CAD-85E3-0E36FD757ED7}"
EndProject
Project("{FAE04EC0-301F-11D3-BF4B-00C04F79EFBC}") = "Exercise03", "Chapter05\演習問題\Exercise03\Exercise03.csproj", "{69F75F7E-F5D2-47AE-8F7F-C8764699400F}"
EndProject
Project("{FAE04EC0-301F-11D3-BF4B-00C04F79EFBC}") = "Exercise04", "Chapter05\演習問題\Exercise04\Exercise04.csproj", "{7A0F6D94-E2D2-45DC-B3AD-28FE49C28CAC}"
EndProject
Project("{2150E333-8FDC-42A3-9474-1A3956D46DE8}") = "Chapter06", "Chapter06", "{636F56BC-C56C-47EE-8345-CBE1A20C9ACE}"
EndProject
Project("{FAE04EC0-301F-11D3-BF4B-00C04F79EFBC}") = "Section01", "Chapter06\Section01\Section01.csproj", "{1E481DA5-4451-4CEA-AA50-F5F8A4203466}"
EndProject
Project("{2150E333-8FDC-42A3-9474-1A3956D46DE8}") = "演習問題", "演習問題", "{7A828167-632F-4789-A579-F33EEDD80110}"
EndProject
Project("{FAE04EC0-301F-11D3-BF4B-00C04F79EFBC}") = "Exercise01", "Chapter06\演習問題\Exercise01\Exercise01.csproj", "{3BEF5D47-D749-4383-A308-6FA01A6F3DE8}"
EndProject
Project("{FAE04EC0-301F-11D3-BF4B-00C04F79EFBC}") = "Exercise02", "Chapter06\演習問題\Exercise02\Exercise02.csproj", "{AE728597-E331-4B96-94CE-9F23B62D2463}"
EndProject
Project("{2150E333-8FDC-42A3-9474-1A3956D46DE8}") = "Chapter07", "Chapter07", "{ED107189-306A-46AF-96C2-8CAD3EA7C51B}"
EndProject
Project("{FAE04EC0-301F-11D3-BF4B-00C04F79EFBC}") = "Section01", "Chapter07\Section01\Section01.csproj", "{050432C2-0667-4971-8AD8-687BF90D02F4}"
EndProject
Project("{FAE04EC0-301F-11D3-BF4B-00C04F79EFBC}") = "Section02", "Chapter07\Section02\Section02.csproj", "{4198969B-A996-452B-A767-A3BD84EE40BD}"
EndProject
Project("{2150E333-8FDC-42A3-9474-1A3956D46DE8}") = "Test2406", "Test2406", "{CA483F43-64AC-455E-B751-5AFA2C653D01}"
EndProject
Project("{FAE04EC0-301F-11D3-BF4B-00C04F79EFBC}") = "Test01", "TestProject\Test01\Test01.csproj", "{2BFACDC3-F44D-4199-8498-F5C3C4AC0335}"
EndProject
Project("{FAE04EC0-301F-11D3-BF4B-00C04F79EFBC}") = "Test02", "TestProject\Test02\Test02.csproj", "{E461C0A8-8900-485C-B520-E929BA33F712}"
EndProject
Project("{FAE04EC0-301F-11D3-BF4B-00C04F79EFBC}") = "Section03", "Chapter07\Section03\Section03.csproj", "{30A1B22F-EA42-403A-9AC8-1AC9AA043D39}"
EndProject
Project("{FAE04EC0-301F-11D3-BF4B-00C04F79EFBC}") = "Section04", "Chapter07\Section04\Section04.csproj", "{5FA7927E-9D06-4396-89F3-4BF43FE3C97A}"
EndProject
Project("{2150E333-8FDC-42A3-9474-1A3956D46DE8}") = "Chapter08", "Chapter08", "{E584DA91-EDEE-42C7-B3CF-5937430A046F}"
EndProject
Project("{FAE04EC0-301F-11D3-BF4B-00C04F79EFBC}") = "Section01", "Chapter08\Section01\Section01.csproj", "{AEC1F229-7DCB-4C71-BAEC-1057C8819008}"
EndProject
Project("{9A19103F-16F7-4668-BE54-9A1E7A4F7556}") = "DateTimeApp", "FormApps\DateTimeApp\DateTimeApp.csproj", "{6E768A85-CDC6-467D-A06D-08B2D951BA88}"
EndProject
Project("{2150E333-8FDC-42A3-9474-1A3956D46DE8}") = "演習問題", "演習問題", "{D0DCD61B-A090-40BC-83BF-EEBD0456A949}"
EndProject
Project("{9A19103F-16F7-4668-BE54-9A1E7A4F7556}") = "Exercise01", "Chapter08\演習問題\Exercise01\Exercise01.csproj", "{1BDB4B98-C52E-4D79-A6FA-B9F9C3CAB126}"
EndProject
Project("{9A19103F-16F7-4668-BE54-9A1E7A4F7556}") = "CarReportSystem", "FormApps\CarReportSystem\CarReportSystem.csproj", "{7A8BCCE3-6763-4E18-96B2-F01845510CF3}"
EndProject
Project("{2150E333-8FDC-42A3-9474-1A3956D46DE8}") = "Chapter11", "Chapter11", "{52709006-857F-4875-A42A-1FEA390E18B6}"
EndProject
Project("{FAE04EC0-301F-11D3-BF4B-00C04F79EFBC}") = "Section01", "Chapter11\Section01\Section01.csproj", "{FAD04AEA-1F6E-40F4-956D-E198D4240FA9}"
EndProject
Project("{2150E333-8FDC-42A3-9474-1A3956D46DE8}") = "演習問題", "演習問題", "{03D682F3-E875-4EFF-B052-03F7C4C58E1A}"
EndProject
Project("{FAE04EC0-301F-11D3-BF4B-00C04F79EFBC}") = "Exercise01", "Chapter11\演習問題\Exercise01\Exercise01.csproj", "{DD36D6BA-0F41-4E30-816D-B72C4B412958}"
EndProject
Project("{FAE04EC0-301F-11D3-BF4B-00C04F79EFBC}") = "Section02", "Chapter11\Section02\Section02.csproj", "{AC0CDAD4-69EE-4F5E-9404-8AB444A02472}"
EndProject
Project("{2150E333-8FDC-42A3-9474-1A3956D46DE8}") = "Chapter12", "Chapter12", "{00982CE1-6BAF-4E5A-98E9-592F9D3B8C5F}"
EndProject
Project("{FAE04EC0-301F-11D3-BF4B-00C04F79EFBC}") = "Section01", "Chapter12\Section01\Section01.csproj", "{74269896-49A0-4F1F-9777-300208054E6C}"
EndProject
Project("{2150E333-8FDC-42A3-9474-1A3956D46DE8}") = "演習問題", "演習問題", "{042B61AD-63C5-4CDC-B63E-051EA7D0C843}"
EndProject
Project("{FAE04EC0-301F-11D3-BF4B-00C04F79EFBC}") = "Exercise01", "Chapter12\演習問題\Exercise01\Exercise01.csproj", "{43D281A7-40C6-4030-9B87-7DCE8165AAF2}"
EndProject
Project("{FAE04EC0-301F-11D3-BF4B-00C04F79EFBC}") = "RssReader", "FormApps\RssReader\RssReader.csproj", "{88AFBBE2-CC7D-4017-AB84-E8234515D371}"
EndProject
Project("{2150E333-8FDC-42A3-9474-1A3956D46DE8}") = "Chapter13", "Chapter13", "{BCD79443-08B2-49D2-B6E2-F12DA6CF345D}"
EndProject
Project("{FAE04EC0-301F-11D3-BF4B-00C04F79EFBC}") = "SampleEntityFramework", "Chapter13\SampleEntityFramework\SampleEntityFramework.csproj", "{C3A8B6E6-2AFD-4473-A3A4-7495BF6A13F1}"
EndProject
Project("{FAE04EC0-301F-11D3-BF4B-00C04F79EFBC}") = "ADOSample", "FormApps\ADOSample\ADOSample.csproj", "{59E69C5C-27E9-498F-8A41-A25E69F2E726}"
EndProject
Project("{2150E333-8FDC-42A3-9474-1A3956D46DE8}") = "Chapter15", "Chapter15", "{2308D358-FDAE-4710-A731-66F7A0421906}"
EndProject
Project("{FAE04EC0-301F-11D3-BF4B-00C04F79EFBC}") = "Section01", "Chapter15\Section01\Section01.csproj", "{FB11FAFD-C61A-4ADD-8D88-232571F4457F}"
EndProject
Project("{2150E333-8FDC-42A3-9474-1A3956D46DE8}") = "演習問題", "演習問題", "{5115E185-70EE-4F5F-8414-CC95BE019D00}"
EndProject
Project("{FAE04EC0-301F-11D3-BF4B-00C04F79EFBC}") = "Exercise01", "Chapter15\演習問題\Exercise01\Exercise01.csproj", "{A69A3253-B310-4BD0-A662-6E4C8421F20C}"
EndProject
Project("{2150E333-8FDC-42A3-9474-1A3956D46DE8}") = "Chapter16", "Chapter16", "{CA50BDD0-3A5B-4034-939C-612A03D7A213}"
EndProject
Project("{FAE04EC0-301F-11D3-BF4B-00C04F79EFBC}") = "Section03", "Chapter16\Section03\Section03.csproj", "{8310DBD0-8AAF-41C9-84FF-C4153050AF16}"
EndProject
Project("{2150E333-8FDC-42A3-9474-1A3956D46DE8}") = "Chapter17", "Chapter17", "{814F23D2-3794-496C-AFAB-68EAF8B859D8}"
EndProject
Project("{FAE04EC0-301F-11D3-BF4B-00C04F79EFBC}") = "Section01", "Chapter17\Section01\Section01.csproj", "{8510E1F7-9BBA-40CE-89E7-FFB1F2B70FF3}"
EndProject
Project("{FAE04EC0-301F-11D3-BF4B-00C04F79EFBC}") = "Section02", "Chapter17\Section02\Section02.csproj", "{09D5FF5D-8838-4110-BCB4-8D2B7DFDD0CF}"
EndProject
Project("{2150E333-8FDC-42A3-9474-1A3956D46DE8}") = "TemplateMethod", "TemplateMethod", "{CDFB28D8-8CE0-4AC9-9800-EFDF8A9DD7BB}"
EndProject
Project("{FAE04EC0-301F-11D3-BF4B-00C04F79EFBC}") = "TextFileProcessor", "Chapter17\TemplateMethod\TextFileProcessor\TextFileProcessor.csproj", "{C7358FFA-D126-4861-8DDD-3249537AF2CB}"
EndProject
Project("{FAE04EC0-301F-11D3-BF4B-00C04F79EFBC}") = "Section04", "Chapter16\Section04\Section04.csproj", "{4C87E06A-570E-4FAE-9116-0EDBB1CF66A7}"
EndProject
Project("{FAE04EC0-301F-11D3-BF4B-00C04F79EFBC}") = "LineCounter", "Chapter17\TemplateMethod\LineCounter\LineCounter.csproj", "{432BDA3E-404C-46D7-BD01-2FD5E7A45C0F}"
EndProject
Project("{2150E333-8FDC-42A3-9474-1A3956D46DE8}") = "Strategy", "Strategy", "{46C22E62-537D-490F-9E3D-0C5B6DE6BC37}"
EndProject
Project("{FAE04EC0-301F-11D3-BF4B-00C04F79EFBC}") = "DistanceConverter", "Chapter17\Strategy\DistanceConverter\DistanceConverter.csproj", "{666B9486-C0D9-4FE3-AF83-F3D67EC9ED99}"
EndProject
Project("{FAE04EC0-301F-11D3-BF4B-00C04F79EFBC}") = "TextNumberSizeChange", "Chapter17\TemplateMethod\TextNumberSizeChange\TextNumberSizeChange.csproj", "{E78DA802-2F8F-41EF-B539-5B5C8EDE6B8F}"
EndProject
Project("{2150E333-8FDC-42A3-9474-1A3956D46DE8}") = "WPF", "WPF", "{BA28AAF8-FFE0-441C-9A73-91D8C60270DF}"
EndProject
Project("{FAE04EC0-301F-11D3-BF4B-00C04F79EFBC}") = "SampleApplication", "WPF\SampleApplication\SampleApplication.csproj", "{E4F69848-CA61-4070-A451-A3271C568054}"
EndProject
Project("{FAE04EC0-301F-11D3-BF4B-00C04F79EFBC}") = "GridSample", "WPF\GridSample\GridSample.csproj", "{9A80F68B-5A69-4B7B-891D-39086233974D}"
EndProject
Project("{FAE04EC0-301F-11D3-BF4B-00C04F79EFBC}") = "SampleSlider", "WPF\SampleSlider\SampleSlider.csproj", "{C4C0D69D-D560-4C44-A1D4-2782E7B169C3}"
EndProject
Project("{FAE04EC0-301F-11D3-BF4B-00C04F79EFBC}") = "CoolorChecker", "WPF\CoolorChecker\CoolorChecker.csproj", "{B8960A6C-333A-4D7B-82A9-9EDBFE3FD58E}"
EndProject
Global
	GlobalSection(SolutionConfigurationPlatforms) = preSolution
		Debug|Any CPU = Debug|Any CPU
		Release|Any CPU = Release|Any CPU
	EndGlobalSection
	GlobalSection(ProjectConfigurationPlatforms) = postSolution
		{7CB5C419-24B7-47EE-B8F6-993FEB4B2724}.Debug|Any CPU.ActiveCfg = Debug|Any CPU
		{7CB5C419-24B7-47EE-B8F6-993FEB4B2724}.Debug|Any CPU.Build.0 = Debug|Any CPU
		{7CB5C419-24B7-47EE-B8F6-993FEB4B2724}.Release|Any CPU.ActiveCfg = Release|Any CPU
		{7CB5C419-24B7-47EE-B8F6-993FEB4B2724}.Release|Any CPU.Build.0 = Release|Any CPU
		{ED51E4D0-04D7-4DF6-AFF0-DB3107BCD27A}.Debug|Any CPU.ActiveCfg = Debug|Any CPU
		{ED51E4D0-04D7-4DF6-AFF0-DB3107BCD27A}.Debug|Any CPU.Build.0 = Debug|Any CPU
		{ED51E4D0-04D7-4DF6-AFF0-DB3107BCD27A}.Release|Any CPU.ActiveCfg = Release|Any CPU
		{ED51E4D0-04D7-4DF6-AFF0-DB3107BCD27A}.Release|Any CPU.Build.0 = Release|Any CPU
		{C2861E52-A0A4-4A54-815D-DB10532E32EB}.Debug|Any CPU.ActiveCfg = Debug|Any CPU
		{C2861E52-A0A4-4A54-815D-DB10532E32EB}.Debug|Any CPU.Build.0 = Debug|Any CPU
		{C2861E52-A0A4-4A54-815D-DB10532E32EB}.Release|Any CPU.ActiveCfg = Release|Any CPU
		{C2861E52-A0A4-4A54-815D-DB10532E32EB}.Release|Any CPU.Build.0 = Release|Any CPU
		{D124D6DB-8812-4FA0-89B3-3A42CDA9E54D}.Debug|Any CPU.ActiveCfg = Debug|Any CPU
		{D124D6DB-8812-4FA0-89B3-3A42CDA9E54D}.Debug|Any CPU.Build.0 = Debug|Any CPU
		{D124D6DB-8812-4FA0-89B3-3A42CDA9E54D}.Release|Any CPU.ActiveCfg = Release|Any CPU
		{D124D6DB-8812-4FA0-89B3-3A42CDA9E54D}.Release|Any CPU.Build.0 = Release|Any CPU
		{F2CFCE65-77CA-4202-BD21-F1A421DF4BB7}.Debug|Any CPU.ActiveCfg = Debug|Any CPU
		{F2CFCE65-77CA-4202-BD21-F1A421DF4BB7}.Debug|Any CPU.Build.0 = Debug|Any CPU
		{F2CFCE65-77CA-4202-BD21-F1A421DF4BB7}.Release|Any CPU.ActiveCfg = Release|Any CPU
		{F2CFCE65-77CA-4202-BD21-F1A421DF4BB7}.Release|Any CPU.Build.0 = Release|Any CPU
		{AB79C229-84E2-4887-915F-FF326570AAB6}.Debug|Any CPU.ActiveCfg = Debug|Any CPU
		{AB79C229-84E2-4887-915F-FF326570AAB6}.Debug|Any CPU.Build.0 = Debug|Any CPU
		{AB79C229-84E2-4887-915F-FF326570AAB6}.Release|Any CPU.ActiveCfg = Release|Any CPU
		{AB79C229-84E2-4887-915F-FF326570AAB6}.Release|Any CPU.Build.0 = Release|Any CPU
		{2EEAB101-31EF-4622-9018-08EF69140051}.Debug|Any CPU.ActiveCfg = Debug|Any CPU
		{2EEAB101-31EF-4622-9018-08EF69140051}.Debug|Any CPU.Build.0 = Debug|Any CPU
		{2EEAB101-31EF-4622-9018-08EF69140051}.Release|Any CPU.ActiveCfg = Release|Any CPU
		{2EEAB101-31EF-4622-9018-08EF69140051}.Release|Any CPU.Build.0 = Release|Any CPU
		{8E7028A2-A603-4F56-960E-2A31E04619BA}.Debug|Any CPU.ActiveCfg = Debug|Any CPU
		{8E7028A2-A603-4F56-960E-2A31E04619BA}.Debug|Any CPU.Build.0 = Debug|Any CPU
		{8E7028A2-A603-4F56-960E-2A31E04619BA}.Release|Any CPU.ActiveCfg = Release|Any CPU
		{8E7028A2-A603-4F56-960E-2A31E04619BA}.Release|Any CPU.Build.0 = Release|Any CPU
		{88204CC6-7514-4F47-8F19-9C0FBA5D1474}.Debug|Any CPU.ActiveCfg = Debug|Any CPU
		{88204CC6-7514-4F47-8F19-9C0FBA5D1474}.Debug|Any CPU.Build.0 = Debug|Any CPU
		{88204CC6-7514-4F47-8F19-9C0FBA5D1474}.Release|Any CPU.ActiveCfg = Release|Any CPU
		{88204CC6-7514-4F47-8F19-9C0FBA5D1474}.Release|Any CPU.Build.0 = Release|Any CPU
		{C02CE7DF-14F4-4D4A-AA8E-269F973DFFF4}.Debug|Any CPU.ActiveCfg = Debug|Any CPU
		{C02CE7DF-14F4-4D4A-AA8E-269F973DFFF4}.Debug|Any CPU.Build.0 = Debug|Any CPU
		{C02CE7DF-14F4-4D4A-AA8E-269F973DFFF4}.Release|Any CPU.ActiveCfg = Release|Any CPU
		{C02CE7DF-14F4-4D4A-AA8E-269F973DFFF4}.Release|Any CPU.Build.0 = Release|Any CPU
		{A39E84A2-3F92-4753-8DBE-F5DE03E88219}.Debug|Any CPU.ActiveCfg = Debug|Any CPU
		{A39E84A2-3F92-4753-8DBE-F5DE03E88219}.Debug|Any CPU.Build.0 = Debug|Any CPU
		{A39E84A2-3F92-4753-8DBE-F5DE03E88219}.Release|Any CPU.ActiveCfg = Release|Any CPU
		{A39E84A2-3F92-4753-8DBE-F5DE03E88219}.Release|Any CPU.Build.0 = Release|Any CPU
		{19C9DC3C-0B28-4D26-8068-BB97E8F880EE}.Debug|Any CPU.ActiveCfg = Debug|Any CPU
		{19C9DC3C-0B28-4D26-8068-BB97E8F880EE}.Debug|Any CPU.Build.0 = Debug|Any CPU
		{19C9DC3C-0B28-4D26-8068-BB97E8F880EE}.Release|Any CPU.ActiveCfg = Release|Any CPU
		{19C9DC3C-0B28-4D26-8068-BB97E8F880EE}.Release|Any CPU.Build.0 = Release|Any CPU
		{2D895BBA-6479-4D02-ACA4-F265A3FE43EB}.Debug|Any CPU.ActiveCfg = Debug|Any CPU
		{2D895BBA-6479-4D02-ACA4-F265A3FE43EB}.Debug|Any CPU.Build.0 = Debug|Any CPU
		{2D895BBA-6479-4D02-ACA4-F265A3FE43EB}.Release|Any CPU.ActiveCfg = Release|Any CPU
		{2D895BBA-6479-4D02-ACA4-F265A3FE43EB}.Release|Any CPU.Build.0 = Release|Any CPU
		{C8990963-70C6-40D5-B5BD-393F7D66F1FF}.Debug|Any CPU.ActiveCfg = Debug|Any CPU
		{C8990963-70C6-40D5-B5BD-393F7D66F1FF}.Debug|Any CPU.Build.0 = Debug|Any CPU
		{C8990963-70C6-40D5-B5BD-393F7D66F1FF}.Release|Any CPU.ActiveCfg = Release|Any CPU
		{C8990963-70C6-40D5-B5BD-393F7D66F1FF}.Release|Any CPU.Build.0 = Release|Any CPU
		{07C6500B-31FD-4CAD-85E3-0E36FD757ED7}.Debug|Any CPU.ActiveCfg = Debug|Any CPU
		{07C6500B-31FD-4CAD-85E3-0E36FD757ED7}.Debug|Any CPU.Build.0 = Debug|Any CPU
		{07C6500B-31FD-4CAD-85E3-0E36FD757ED7}.Release|Any CPU.ActiveCfg = Release|Any CPU
		{07C6500B-31FD-4CAD-85E3-0E36FD757ED7}.Release|Any CPU.Build.0 = Release|Any CPU
		{69F75F7E-F5D2-47AE-8F7F-C8764699400F}.Debug|Any CPU.ActiveCfg = Debug|Any CPU
		{69F75F7E-F5D2-47AE-8F7F-C8764699400F}.Debug|Any CPU.Build.0 = Debug|Any CPU
		{69F75F7E-F5D2-47AE-8F7F-C8764699400F}.Release|Any CPU.ActiveCfg = Release|Any CPU
		{69F75F7E-F5D2-47AE-8F7F-C8764699400F}.Release|Any CPU.Build.0 = Release|Any CPU
		{7A0F6D94-E2D2-45DC-B3AD-28FE49C28CAC}.Debug|Any CPU.ActiveCfg = Debug|Any CPU
		{7A0F6D94-E2D2-45DC-B3AD-28FE49C28CAC}.Debug|Any CPU.Build.0 = Debug|Any CPU
		{7A0F6D94-E2D2-45DC-B3AD-28FE49C28CAC}.Release|Any CPU.ActiveCfg = Release|Any CPU
		{7A0F6D94-E2D2-45DC-B3AD-28FE49C28CAC}.Release|Any CPU.Build.0 = Release|Any CPU
		{1E481DA5-4451-4CEA-AA50-F5F8A4203466}.Debug|Any CPU.ActiveCfg = Debug|Any CPU
		{1E481DA5-4451-4CEA-AA50-F5F8A4203466}.Debug|Any CPU.Build.0 = Debug|Any CPU
		{1E481DA5-4451-4CEA-AA50-F5F8A4203466}.Release|Any CPU.ActiveCfg = Release|Any CPU
		{1E481DA5-4451-4CEA-AA50-F5F8A4203466}.Release|Any CPU.Build.0 = Release|Any CPU
		{3BEF5D47-D749-4383-A308-6FA01A6F3DE8}.Debug|Any CPU.ActiveCfg = Debug|Any CPU
		{3BEF5D47-D749-4383-A308-6FA01A6F3DE8}.Debug|Any CPU.Build.0 = Debug|Any CPU
		{3BEF5D47-D749-4383-A308-6FA01A6F3DE8}.Release|Any CPU.ActiveCfg = Release|Any CPU
		{3BEF5D47-D749-4383-A308-6FA01A6F3DE8}.Release|Any CPU.Build.0 = Release|Any CPU
		{AE728597-E331-4B96-94CE-9F23B62D2463}.Debug|Any CPU.ActiveCfg = Debug|Any CPU
		{AE728597-E331-4B96-94CE-9F23B62D2463}.Debug|Any CPU.Build.0 = Debug|Any CPU
		{AE728597-E331-4B96-94CE-9F23B62D2463}.Release|Any CPU.ActiveCfg = Release|Any CPU
		{AE728597-E331-4B96-94CE-9F23B62D2463}.Release|Any CPU.Build.0 = Release|Any CPU
		{050432C2-0667-4971-8AD8-687BF90D02F4}.Debug|Any CPU.ActiveCfg = Debug|Any CPU
		{050432C2-0667-4971-8AD8-687BF90D02F4}.Debug|Any CPU.Build.0 = Debug|Any CPU
		{050432C2-0667-4971-8AD8-687BF90D02F4}.Release|Any CPU.ActiveCfg = Release|Any CPU
		{050432C2-0667-4971-8AD8-687BF90D02F4}.Release|Any CPU.Build.0 = Release|Any CPU
		{4198969B-A996-452B-A767-A3BD84EE40BD}.Debug|Any CPU.ActiveCfg = Debug|Any CPU
		{4198969B-A996-452B-A767-A3BD84EE40BD}.Debug|Any CPU.Build.0 = Debug|Any CPU
		{4198969B-A996-452B-A767-A3BD84EE40BD}.Release|Any CPU.ActiveCfg = Release|Any CPU
		{4198969B-A996-452B-A767-A3BD84EE40BD}.Release|Any CPU.Build.0 = Release|Any CPU
		{2BFACDC3-F44D-4199-8498-F5C3C4AC0335}.Debug|Any CPU.ActiveCfg = Debug|Any CPU
		{2BFACDC3-F44D-4199-8498-F5C3C4AC0335}.Debug|Any CPU.Build.0 = Debug|Any CPU
		{2BFACDC3-F44D-4199-8498-F5C3C4AC0335}.Release|Any CPU.ActiveCfg = Release|Any CPU
		{2BFACDC3-F44D-4199-8498-F5C3C4AC0335}.Release|Any CPU.Build.0 = Release|Any CPU
		{E461C0A8-8900-485C-B520-E929BA33F712}.Debug|Any CPU.ActiveCfg = Debug|Any CPU
		{E461C0A8-8900-485C-B520-E929BA33F712}.Debug|Any CPU.Build.0 = Debug|Any CPU
		{E461C0A8-8900-485C-B520-E929BA33F712}.Release|Any CPU.ActiveCfg = Release|Any CPU
		{E461C0A8-8900-485C-B520-E929BA33F712}.Release|Any CPU.Build.0 = Release|Any CPU
		{30A1B22F-EA42-403A-9AC8-1AC9AA043D39}.Debug|Any CPU.ActiveCfg = Debug|Any CPU
		{30A1B22F-EA42-403A-9AC8-1AC9AA043D39}.Debug|Any CPU.Build.0 = Debug|Any CPU
		{30A1B22F-EA42-403A-9AC8-1AC9AA043D39}.Release|Any CPU.ActiveCfg = Release|Any CPU
		{30A1B22F-EA42-403A-9AC8-1AC9AA043D39}.Release|Any CPU.Build.0 = Release|Any CPU
		{5FA7927E-9D06-4396-89F3-4BF43FE3C97A}.Debug|Any CPU.ActiveCfg = Debug|Any CPU
		{5FA7927E-9D06-4396-89F3-4BF43FE3C97A}.Debug|Any CPU.Build.0 = Debug|Any CPU
		{5FA7927E-9D06-4396-89F3-4BF43FE3C97A}.Release|Any CPU.ActiveCfg = Release|Any CPU
		{5FA7927E-9D06-4396-89F3-4BF43FE3C97A}.Release|Any CPU.Build.0 = Release|Any CPU
		{AEC1F229-7DCB-4C71-BAEC-1057C8819008}.Debug|Any CPU.ActiveCfg = Debug|Any CPU
		{AEC1F229-7DCB-4C71-BAEC-1057C8819008}.Debug|Any CPU.Build.0 = Debug|Any CPU
		{AEC1F229-7DCB-4C71-BAEC-1057C8819008}.Release|Any CPU.ActiveCfg = Release|Any CPU
		{AEC1F229-7DCB-4C71-BAEC-1057C8819008}.Release|Any CPU.Build.0 = Release|Any CPU
		{6E768A85-CDC6-467D-A06D-08B2D951BA88}.Debug|Any CPU.ActiveCfg = Debug|Any CPU
		{6E768A85-CDC6-467D-A06D-08B2D951BA88}.Debug|Any CPU.Build.0 = Debug|Any CPU
		{6E768A85-CDC6-467D-A06D-08B2D951BA88}.Release|Any CPU.ActiveCfg = Release|Any CPU
		{6E768A85-CDC6-467D-A06D-08B2D951BA88}.Release|Any CPU.Build.0 = Release|Any CPU
		{1BDB4B98-C52E-4D79-A6FA-B9F9C3CAB126}.Debug|Any CPU.ActiveCfg = Debug|Any CPU
		{1BDB4B98-C52E-4D79-A6FA-B9F9C3CAB126}.Debug|Any CPU.Build.0 = Debug|Any CPU
		{1BDB4B98-C52E-4D79-A6FA-B9F9C3CAB126}.Release|Any CPU.ActiveCfg = Release|Any CPU
		{1BDB4B98-C52E-4D79-A6FA-B9F9C3CAB126}.Release|Any CPU.Build.0 = Release|Any CPU
		{7A8BCCE3-6763-4E18-96B2-F01845510CF3}.Debug|Any CPU.ActiveCfg = Debug|Any CPU
		{7A8BCCE3-6763-4E18-96B2-F01845510CF3}.Debug|Any CPU.Build.0 = Debug|Any CPU
		{7A8BCCE3-6763-4E18-96B2-F01845510CF3}.Release|Any CPU.ActiveCfg = Release|Any CPU
		{7A8BCCE3-6763-4E18-96B2-F01845510CF3}.Release|Any CPU.Build.0 = Release|Any CPU
		{FAD04AEA-1F6E-40F4-956D-E198D4240FA9}.Debug|Any CPU.ActiveCfg = Debug|Any CPU
		{FAD04AEA-1F6E-40F4-956D-E198D4240FA9}.Debug|Any CPU.Build.0 = Debug|Any CPU
		{FAD04AEA-1F6E-40F4-956D-E198D4240FA9}.Release|Any CPU.ActiveCfg = Release|Any CPU
		{FAD04AEA-1F6E-40F4-956D-E198D4240FA9}.Release|Any CPU.Build.0 = Release|Any CPU
		{DD36D6BA-0F41-4E30-816D-B72C4B412958}.Debug|Any CPU.ActiveCfg = Debug|Any CPU
		{DD36D6BA-0F41-4E30-816D-B72C4B412958}.Debug|Any CPU.Build.0 = Debug|Any CPU
		{DD36D6BA-0F41-4E30-816D-B72C4B412958}.Release|Any CPU.ActiveCfg = Release|Any CPU
		{DD36D6BA-0F41-4E30-816D-B72C4B412958}.Release|Any CPU.Build.0 = Release|Any CPU
		{AC0CDAD4-69EE-4F5E-9404-8AB444A02472}.Debug|Any CPU.ActiveCfg = Debug|Any CPU
		{AC0CDAD4-69EE-4F5E-9404-8AB444A02472}.Debug|Any CPU.Build.0 = Debug|Any CPU
		{AC0CDAD4-69EE-4F5E-9404-8AB444A02472}.Release|Any CPU.ActiveCfg = Release|Any CPU
		{AC0CDAD4-69EE-4F5E-9404-8AB444A02472}.Release|Any CPU.Build.0 = Release|Any CPU
		{74269896-49A0-4F1F-9777-300208054E6C}.Debug|Any CPU.ActiveCfg = Debug|Any CPU
		{74269896-49A0-4F1F-9777-300208054E6C}.Debug|Any CPU.Build.0 = Debug|Any CPU
		{74269896-49A0-4F1F-9777-300208054E6C}.Release|Any CPU.ActiveCfg = Release|Any CPU
		{74269896-49A0-4F1F-9777-300208054E6C}.Release|Any CPU.Build.0 = Release|Any CPU
		{43D281A7-40C6-4030-9B87-7DCE8165AAF2}.Debug|Any CPU.ActiveCfg = Debug|Any CPU
		{43D281A7-40C6-4030-9B87-7DCE8165AAF2}.Debug|Any CPU.Build.0 = Debug|Any CPU
		{43D281A7-40C6-4030-9B87-7DCE8165AAF2}.Release|Any CPU.ActiveCfg = Release|Any CPU
		{43D281A7-40C6-4030-9B87-7DCE8165AAF2}.Release|Any CPU.Build.0 = Release|Any CPU
		{88AFBBE2-CC7D-4017-AB84-E8234515D371}.Debug|Any CPU.ActiveCfg = Debug|Any CPU
		{88AFBBE2-CC7D-4017-AB84-E8234515D371}.Debug|Any CPU.Build.0 = Debug|Any CPU
		{88AFBBE2-CC7D-4017-AB84-E8234515D371}.Release|Any CPU.ActiveCfg = Release|Any CPU
		{88AFBBE2-CC7D-4017-AB84-E8234515D371}.Release|Any CPU.Build.0 = Release|Any CPU
		{C3A8B6E6-2AFD-4473-A3A4-7495BF6A13F1}.Debug|Any CPU.ActiveCfg = Debug|Any CPU
		{C3A8B6E6-2AFD-4473-A3A4-7495BF6A13F1}.Debug|Any CPU.Build.0 = Debug|Any CPU
		{C3A8B6E6-2AFD-4473-A3A4-7495BF6A13F1}.Release|Any CPU.ActiveCfg = Release|Any CPU
		{C3A8B6E6-2AFD-4473-A3A4-7495BF6A13F1}.Release|Any CPU.Build.0 = Release|Any CPU
		{59E69C5C-27E9-498F-8A41-A25E69F2E726}.Debug|Any CPU.ActiveCfg = Debug|Any CPU
		{59E69C5C-27E9-498F-8A41-A25E69F2E726}.Debug|Any CPU.Build.0 = Debug|Any CPU
		{59E69C5C-27E9-498F-8A41-A25E69F2E726}.Release|Any CPU.ActiveCfg = Release|Any CPU
		{59E69C5C-27E9-498F-8A41-A25E69F2E726}.Release|Any CPU.Build.0 = Release|Any CPU
		{FB11FAFD-C61A-4ADD-8D88-232571F4457F}.Debug|Any CPU.ActiveCfg = Debug|Any CPU
		{FB11FAFD-C61A-4ADD-8D88-232571F4457F}.Debug|Any CPU.Build.0 = Debug|Any CPU
		{FB11FAFD-C61A-4ADD-8D88-232571F4457F}.Release|Any CPU.ActiveCfg = Release|Any CPU
		{FB11FAFD-C61A-4ADD-8D88-232571F4457F}.Release|Any CPU.Build.0 = Release|Any CPU
		{A69A3253-B310-4BD0-A662-6E4C8421F20C}.Debug|Any CPU.ActiveCfg = Debug|Any CPU
		{A69A3253-B310-4BD0-A662-6E4C8421F20C}.Debug|Any CPU.Build.0 = Debug|Any CPU
		{A69A3253-B310-4BD0-A662-6E4C8421F20C}.Release|Any CPU.ActiveCfg = Release|Any CPU
		{A69A3253-B310-4BD0-A662-6E4C8421F20C}.Release|Any CPU.Build.0 = Release|Any CPU
		{8310DBD0-8AAF-41C9-84FF-C4153050AF16}.Debug|Any CPU.ActiveCfg = Debug|Any CPU
		{8310DBD0-8AAF-41C9-84FF-C4153050AF16}.Debug|Any CPU.Build.0 = Debug|Any CPU
		{8310DBD0-8AAF-41C9-84FF-C4153050AF16}.Release|Any CPU.ActiveCfg = Release|Any CPU
		{8310DBD0-8AAF-41C9-84FF-C4153050AF16}.Release|Any CPU.Build.0 = Release|Any CPU
		{8510E1F7-9BBA-40CE-89E7-FFB1F2B70FF3}.Debug|Any CPU.ActiveCfg = Debug|Any CPU
		{8510E1F7-9BBA-40CE-89E7-FFB1F2B70FF3}.Debug|Any CPU.Build.0 = Debug|Any CPU
		{8510E1F7-9BBA-40CE-89E7-FFB1F2B70FF3}.Release|Any CPU.ActiveCfg = Release|Any CPU
		{8510E1F7-9BBA-40CE-89E7-FFB1F2B70FF3}.Release|Any CPU.Build.0 = Release|Any CPU
		{09D5FF5D-8838-4110-BCB4-8D2B7DFDD0CF}.Debug|Any CPU.ActiveCfg = Debug|Any CPU
		{09D5FF5D-8838-4110-BCB4-8D2B7DFDD0CF}.Debug|Any CPU.Build.0 = Debug|Any CPU
		{09D5FF5D-8838-4110-BCB4-8D2B7DFDD0CF}.Release|Any CPU.ActiveCfg = Release|Any CPU
		{09D5FF5D-8838-4110-BCB4-8D2B7DFDD0CF}.Release|Any CPU.Build.0 = Release|Any CPU
		{C7358FFA-D126-4861-8DDD-3249537AF2CB}.Debug|Any CPU.ActiveCfg = Debug|Any CPU
		{C7358FFA-D126-4861-8DDD-3249537AF2CB}.Debug|Any CPU.Build.0 = Debug|Any CPU
		{C7358FFA-D126-4861-8DDD-3249537AF2CB}.Release|Any CPU.ActiveCfg = Release|Any CPU
		{C7358FFA-D126-4861-8DDD-3249537AF2CB}.Release|Any CPU.Build.0 = Release|Any CPU
		{4C87E06A-570E-4FAE-9116-0EDBB1CF66A7}.Debug|Any CPU.ActiveCfg = Debug|Any CPU
		{4C87E06A-570E-4FAE-9116-0EDBB1CF66A7}.Debug|Any CPU.Build.0 = Debug|Any CPU
		{4C87E06A-570E-4FAE-9116-0EDBB1CF66A7}.Release|Any CPU.ActiveCfg = Release|Any CPU
		{4C87E06A-570E-4FAE-9116-0EDBB1CF66A7}.Release|Any CPU.Build.0 = Release|Any CPU
		{432BDA3E-404C-46D7-BD01-2FD5E7A45C0F}.Debug|Any CPU.ActiveCfg = Debug|Any CPU
		{432BDA3E-404C-46D7-BD01-2FD5E7A45C0F}.Debug|Any CPU.Build.0 = Debug|Any CPU
		{432BDA3E-404C-46D7-BD01-2FD5E7A45C0F}.Release|Any CPU.ActiveCfg = Release|Any CPU
		{432BDA3E-404C-46D7-BD01-2FD5E7A45C0F}.Release|Any CPU.Build.0 = Release|Any CPU
		{666B9486-C0D9-4FE3-AF83-F3D67EC9ED99}.Debug|Any CPU.ActiveCfg = Debug|Any CPU
		{666B9486-C0D9-4FE3-AF83-F3D67EC9ED99}.Debug|Any CPU.Build.0 = Debug|Any CPU
		{666B9486-C0D9-4FE3-AF83-F3D67EC9ED99}.Release|Any CPU.ActiveCfg = Release|Any CPU
		{666B9486-C0D9-4FE3-AF83-F3D67EC9ED99}.Release|Any CPU.Build.0 = Release|Any CPU
		{E78DA802-2F8F-41EF-B539-5B5C8EDE6B8F}.Debug|Any CPU.ActiveCfg = Debug|Any CPU
		{E78DA802-2F8F-41EF-B539-5B5C8EDE6B8F}.Debug|Any CPU.Build.0 = Debug|Any CPU
		{E78DA802-2F8F-41EF-B539-5B5C8EDE6B8F}.Release|Any CPU.ActiveCfg = Release|Any CPU
		{E78DA802-2F8F-41EF-B539-5B5C8EDE6B8F}.Release|Any CPU.Build.0 = Release|Any CPU
		{E4F69848-CA61-4070-A451-A3271C568054}.Debug|Any CPU.ActiveCfg = Debug|Any CPU
		{E4F69848-CA61-4070-A451-A3271C568054}.Debug|Any CPU.Build.0 = Debug|Any CPU
		{E4F69848-CA61-4070-A451-A3271C568054}.Release|Any CPU.ActiveCfg = Release|Any CPU
		{E4F69848-CA61-4070-A451-A3271C568054}.Release|Any CPU.Build.0 = Release|Any CPU
		{9A80F68B-5A69-4B7B-891D-39086233974D}.Debug|Any CPU.ActiveCfg = Debug|Any CPU
		{9A80F68B-5A69-4B7B-891D-39086233974D}.Debug|Any CPU.Build.0 = Debug|Any CPU
		{9A80F68B-5A69-4B7B-891D-39086233974D}.Release|Any CPU.ActiveCfg = Release|Any CPU
		{9A80F68B-5A69-4B7B-891D-39086233974D}.Release|Any CPU.Build.0 = Release|Any CPU
		{C4C0D69D-D560-4C44-A1D4-2782E7B169C3}.Debug|Any CPU.ActiveCfg = Debug|Any CPU
		{C4C0D69D-D560-4C44-A1D4-2782E7B169C3}.Debug|Any CPU.Build.0 = Debug|Any CPU
		{C4C0D69D-D560-4C44-A1D4-2782E7B169C3}.Release|Any CPU.ActiveCfg = Release|Any CPU
		{C4C0D69D-D560-4C44-A1D4-2782E7B169C3}.Release|Any CPU.Build.0 = Release|Any CPU
		{B8960A6C-333A-4D7B-82A9-9EDBFE3FD58E}.Debug|Any CPU.ActiveCfg = Debug|Any CPU
		{B8960A6C-333A-4D7B-82A9-9EDBFE3FD58E}.Debug|Any CPU.Build.0 = Debug|Any CPU
		{B8960A6C-333A-4D7B-82A9-9EDBFE3FD58E}.Release|Any CPU.ActiveCfg = Release|Any CPU
		{B8960A6C-333A-4D7B-82A9-9EDBFE3FD58E}.Release|Any CPU.Build.0 = Release|Any CPU
	EndGlobalSection
	GlobalSection(SolutionProperties) = preSolution
		HideSolutionNode = FALSE
	EndGlobalSection
	GlobalSection(NestedProjects) = preSolution
		{7CB5C419-24B7-47EE-B8F6-993FEB4B2724} = {95941CB5-B738-4295-91A9-ABED0B951BB7}
		{ED51E4D0-04D7-4DF6-AFF0-DB3107BCD27A} = {95941CB5-B738-4295-91A9-ABED0B951BB7}
		{DA1A546B-E3D1-4F21-8363-C01C63D3A75A} = {B442EC1F-B9F8-4D78-98F0-BAAFC2BFB465}
		{C2861E52-A0A4-4A54-815D-DB10532E32EB} = {DA1A546B-E3D1-4F21-8363-C01C63D3A75A}
		{4CBEF20B-DF6E-483D-BB9E-FFBFB039C66A} = {B442EC1F-B9F8-4D78-98F0-BAAFC2BFB465}
		{D124D6DB-8812-4FA0-89B3-3A42CDA9E54D} = {4CBEF20B-DF6E-483D-BB9E-FFBFB039C66A}
		{BCFD910D-29A1-4CB2-9465-33918E93885C} = {B442EC1F-B9F8-4D78-98F0-BAAFC2BFB465}
		{F2CFCE65-77CA-4202-BD21-F1A421DF4BB7} = {BCFD910D-29A1-4CB2-9465-33918E93885C}
		{AB79C229-84E2-4887-915F-FF326570AAB6} = {BCFD910D-29A1-4CB2-9465-33918E93885C}
		{2EEAB101-31EF-4622-9018-08EF69140051} = {2B4A5A41-1CEB-4C57-95D1-FCC62EC85B81}
		{8E7028A2-A603-4F56-960E-2A31E04619BA} = {B65E89D2-46A8-4833-BF2D-55E1C415D790}
		{699AA9F6-AA1A-48EA-B6FF-2A43888F7EA4} = {B65E89D2-46A8-4833-BF2D-55E1C415D790}
		{88204CC6-7514-4F47-8F19-9C0FBA5D1474} = {699AA9F6-AA1A-48EA-B6FF-2A43888F7EA4}
		{C02CE7DF-14F4-4D4A-AA8E-269F973DFFF4} = {699AA9F6-AA1A-48EA-B6FF-2A43888F7EA4}
		{A39E84A2-3F92-4753-8DBE-F5DE03E88219} = {DAE3C164-41E6-4824-9575-6194E3E9B72A}
		{8D3E9FB6-8887-4FCC-8878-B4C30546E527} = {DAE3C164-41E6-4824-9575-6194E3E9B72A}
		{19C9DC3C-0B28-4D26-8068-BB97E8F880EE} = {8D3E9FB6-8887-4FCC-8878-B4C30546E527}
		{2D895BBA-6479-4D02-ACA4-F265A3FE43EB} = {8D3E9FB6-8887-4FCC-8878-B4C30546E527}
		{B4B130A4-865C-45E8-B123-71A8C7C9A620} = {3C14CE8C-D4EC-4FF5-8800-1639C60DECDC}
		{C8990963-70C6-40D5-B5BD-393F7D66F1FF} = {B4B130A4-865C-45E8-B123-71A8C7C9A620}
		{07C6500B-31FD-4CAD-85E3-0E36FD757ED7} = {B4B130A4-865C-45E8-B123-71A8C7C9A620}
		{69F75F7E-F5D2-47AE-8F7F-C8764699400F} = {B4B130A4-865C-45E8-B123-71A8C7C9A620}
		{7A0F6D94-E2D2-45DC-B3AD-28FE49C28CAC} = {B4B130A4-865C-45E8-B123-71A8C7C9A620}
		{1E481DA5-4451-4CEA-AA50-F5F8A4203466} = {636F56BC-C56C-47EE-8345-CBE1A20C9ACE}
		{7A828167-632F-4789-A579-F33EEDD80110} = {636F56BC-C56C-47EE-8345-CBE1A20C9ACE}
		{3BEF5D47-D749-4383-A308-6FA01A6F3DE8} = {7A828167-632F-4789-A579-F33EEDD80110}
		{AE728597-E331-4B96-94CE-9F23B62D2463} = {7A828167-632F-4789-A579-F33EEDD80110}
		{050432C2-0667-4971-8AD8-687BF90D02F4} = {ED107189-306A-46AF-96C2-8CAD3EA7C51B}
		{4198969B-A996-452B-A767-A3BD84EE40BD} = {ED107189-306A-46AF-96C2-8CAD3EA7C51B}
		{2BFACDC3-F44D-4199-8498-F5C3C4AC0335} = {CA483F43-64AC-455E-B751-5AFA2C653D01}
		{E461C0A8-8900-485C-B520-E929BA33F712} = {CA483F43-64AC-455E-B751-5AFA2C653D01}
		{30A1B22F-EA42-403A-9AC8-1AC9AA043D39} = {ED107189-306A-46AF-96C2-8CAD3EA7C51B}
		{5FA7927E-9D06-4396-89F3-4BF43FE3C97A} = {ED107189-306A-46AF-96C2-8CAD3EA7C51B}
		{AEC1F229-7DCB-4C71-BAEC-1057C8819008} = {E584DA91-EDEE-42C7-B3CF-5937430A046F}
		{6E768A85-CDC6-467D-A06D-08B2D951BA88} = {2B4A5A41-1CEB-4C57-95D1-FCC62EC85B81}
		{D0DCD61B-A090-40BC-83BF-EEBD0456A949} = {E584DA91-EDEE-42C7-B3CF-5937430A046F}
		{1BDB4B98-C52E-4D79-A6FA-B9F9C3CAB126} = {D0DCD61B-A090-40BC-83BF-EEBD0456A949}
		{7A8BCCE3-6763-4E18-96B2-F01845510CF3} = {2B4A5A41-1CEB-4C57-95D1-FCC62EC85B81}
		{FAD04AEA-1F6E-40F4-956D-E198D4240FA9} = {52709006-857F-4875-A42A-1FEA390E18B6}
		{03D682F3-E875-4EFF-B052-03F7C4C58E1A} = {52709006-857F-4875-A42A-1FEA390E18B6}
		{DD36D6BA-0F41-4E30-816D-B72C4B412958} = {03D682F3-E875-4EFF-B052-03F7C4C58E1A}
		{AC0CDAD4-69EE-4F5E-9404-8AB444A02472} = {52709006-857F-4875-A42A-1FEA390E18B6}
		{74269896-49A0-4F1F-9777-300208054E6C} = {00982CE1-6BAF-4E5A-98E9-592F9D3B8C5F}
		{042B61AD-63C5-4CDC-B63E-051EA7D0C843} = {00982CE1-6BAF-4E5A-98E9-592F9D3B8C5F}
		{43D281A7-40C6-4030-9B87-7DCE8165AAF2} = {042B61AD-63C5-4CDC-B63E-051EA7D0C843}
		{88AFBBE2-CC7D-4017-AB84-E8234515D371} = {2B4A5A41-1CEB-4C57-95D1-FCC62EC85B81}
		{C3A8B6E6-2AFD-4473-A3A4-7495BF6A13F1} = {BCD79443-08B2-49D2-B6E2-F12DA6CF345D}
		{59E69C5C-27E9-498F-8A41-A25E69F2E726} = {2B4A5A41-1CEB-4C57-95D1-FCC62EC85B81}
		{FB11FAFD-C61A-4ADD-8D88-232571F4457F} = {2308D358-FDAE-4710-A731-66F7A0421906}
		{5115E185-70EE-4F5F-8414-CC95BE019D00} = {2308D358-FDAE-4710-A731-66F7A0421906}
		{A69A3253-B310-4BD0-A662-6E4C8421F20C} = {5115E185-70EE-4F5F-8414-CC95BE019D00}
		{8310DBD0-8AAF-41C9-84FF-C4153050AF16} = {CA50BDD0-3A5B-4034-939C-612A03D7A213}
		{8510E1F7-9BBA-40CE-89E7-FFB1F2B70FF3} = {814F23D2-3794-496C-AFAB-68EAF8B859D8}
		{09D5FF5D-8838-4110-BCB4-8D2B7DFDD0CF} = {814F23D2-3794-496C-AFAB-68EAF8B859D8}
		{CDFB28D8-8CE0-4AC9-9800-EFDF8A9DD7BB} = {814F23D2-3794-496C-AFAB-68EAF8B859D8}
		{C7358FFA-D126-4861-8DDD-3249537AF2CB} = {CDFB28D8-8CE0-4AC9-9800-EFDF8A9DD7BB}
		{4C87E06A-570E-4FAE-9116-0EDBB1CF66A7} = {CA50BDD0-3A5B-4034-939C-612A03D7A213}
		{432BDA3E-404C-46D7-BD01-2FD5E7A45C0F} = {CDFB28D8-8CE0-4AC9-9800-EFDF8A9DD7BB}
		{46C22E62-537D-490F-9E3D-0C5B6DE6BC37} = {814F23D2-3794-496C-AFAB-68EAF8B859D8}
		{666B9486-C0D9-4FE3-AF83-F3D67EC9ED99} = {46C22E62-537D-490F-9E3D-0C5B6DE6BC37}
		{E78DA802-2F8F-41EF-B539-5B5C8EDE6B8F} = {CDFB28D8-8CE0-4AC9-9800-EFDF8A9DD7BB}
		{E4F69848-CA61-4070-A451-A3271C568054} = {BA28AAF8-FFE0-441C-9A73-91D8C60270DF}
		{9A80F68B-5A69-4B7B-891D-39086233974D} = {BA28AAF8-FFE0-441C-9A73-91D8C60270DF}
		{C4C0D69D-D560-4C44-A1D4-2782E7B169C3} = {BA28AAF8-FFE0-441C-9A73-91D8C60270DF}
		{B8960A6C-333A-4D7B-82A9-9EDBFE3FD58E} = {BA28AAF8-FFE0-441C-9A73-91D8C60270DF}
	EndGlobalSection
	GlobalSection(ExtensibilityGlobals) = postSolution
		SolutionGuid = {4FCC3273-1334-4C14-B610-8C47D2DE6AE7}
	EndGlobalSection
EndGlobal
